// !$*UTF8*$!
{
	archiveVersion = 1;
	classes = {
	};
	objectVersion = 46;
	objects = {

/* Begin PBXBuildFile section */
		36BAD1DE1AC550DB004AA78F /* AppDelegate.swift in Sources */ = {isa = PBXBuildFile; fileRef = 36BAD1DD1AC550DB004AA78F /* AppDelegate.swift */; };
		36BAD1E01AC550DB004AA78F /* ViewController.swift in Sources */ = {isa = PBXBuildFile; fileRef = 36BAD1DF1AC550DB004AA78F /* ViewController.swift */; };
		36BAD1E31AC550DB004AA78F /* Main.storyboard in Resources */ = {isa = PBXBuildFile; fileRef = 36BAD1E11AC550DB004AA78F /* Main.storyboard */; };
		36BAD1E51AC550DB004AA78F /* Images.xcassets in Resources */ = {isa = PBXBuildFile; fileRef = 36BAD1E41AC550DB004AA78F /* Images.xcassets */; };
		36BAD1E81AC550DB004AA78F /* LaunchScreen.xib in Resources */ = {isa = PBXBuildFile; fileRef = 36BAD1E61AC550DB004AA78F /* LaunchScreen.xib */; };
		36BAD1F41AC550DC004AA78F /* PostcardTests.swift in Sources */ = {isa = PBXBuildFile; fileRef = 36BAD1F31AC550DC004AA78F /* PostcardTests.swift */; };
/* End PBXBuildFile section */

/* Begin PBXContainerItemProxy section */
		36BAD1EE1AC550DB004AA78F /* PBXContainerItemProxy */ = {
			isa = PBXContainerItemProxy;
			containerPortal = 36BAD1D01AC550DB004AA78F /* Project object */;
			proxyType = 1;
			remoteGlobalIDString = 36BAD1D71AC550DB004AA78F;
			remoteInfo = Postcard;
		};
/* End PBXContainerItemProxy section */

/* Begin PBXFileReference section */
		36BAD1D81AC550DB004AA78F /* Postcard.app */ = {isa = PBXFileReference; explicitFileType = wrapper.application; includeInIndex = 0; path = Postcard.app; sourceTree = BUILT_PRODUCTS_DIR; };
		36BAD1DC1AC550DB004AA78F /* Info.plist */ = {isa = PBXFileReference; lastKnownFileType = text.plist.xml; path = Info.plist; sourceTree = "<group>"; };
		36BAD1DD1AC550DB004AA78F /* AppDelegate.swift */ = {isa = PBXFileReference; lastKnownFileType = sourcecode.swift; path = AppDelegate.swift; sourceTree = "<group>"; };
		36BAD1DF1AC550DB004AA78F /* ViewController.swift */ = {isa = PBXFileReference; lastKnownFileType = sourcecode.swift; path = ViewController.swift; sourceTree = "<group>"; };
		36BAD1E21AC550DB004AA78F /* Base */ = {isa = PBXFileReference; lastKnownFileType = file.storyboard; name = Base; path = Base.lproj/Main.storyboard; sourceTree = "<group>"; };
		36BAD1E41AC550DB004AA78F /* Images.xcassets */ = {isa = PBXFileReference; lastKnownFileType = folder.assetcatalog; path = Images.xcassets; sourceTree = "<group>"; };
		36BAD1E71AC550DB004AA78F /* Base */ = {isa = PBXFileReference; lastKnownFileType = file.xib; name = Base; path = Base.lproj/LaunchScreen.xib; sourceTree = "<group>"; };
		36BAD1ED1AC550DB004AA78F /* PostcardTests.xctest */ = {isa = PBXFileReference; explicitFileType = wrapper.cfbundle; includeInIndex = 0; path = PostcardTests.xctest; sourceTree = BUILT_PRODUCTS_DIR; };
		36BAD1F21AC550DC004AA78F /* Info.plist */ = {isa = PBXFileReference; lastKnownFileType = text.plist.xml; path = Info.plist; sourceTree = "<group>"; };
		36BAD1F31AC550DC004AA78F /* PostcardTests.swift */ = {isa = PBXFileReference; lastKnownFileType = sourcecode.swift; path = PostcardTests.swift; sourceTree = "<group>"; };
/* End PBXFileReference section */

/* Begin PBXFrameworksBuildPhase section */
		36BAD1D51AC550DB004AA78F /* Frameworks */ = {
			isa = PBXFrameworksBuildPhase;
			buildActionMask = 2147483647;
			files = (
			);
			runOnlyForDeploymentPostprocessing = 0;
		};
		36BAD1EA1AC550DB004AA78F /* Frameworks */ = {
			isa = PBXFrameworksBuildPhase;
			buildActionMask = 2147483647;
			files = (
			);
			runOnlyForDeploymentPostprocessing = 0;
		};
/* End PBXFrameworksBuildPhase section */

/* Begin PBXGroup section */
		36BAD1CF1AC550DB004AA78F = {
			isa = PBXGroup;
			children = (
				36BAD1DA1AC550DB004AA78F /* Postcard */,
				36BAD1F01AC550DB004AA78F /* PostcardTests */,
				36BAD1D91AC550DB004AA78F /* Products */,
			);
			sourceTree = "<group>";
		};
		36BAD1D91AC550DB004AA78F /* Products */ = {
			isa = PBXGroup;
			children = (
				36BAD1D81AC550DB004AA78F /* Postcard.app */,
				36BAD1ED1AC550DB004AA78F /* PostcardTests.xctest */,
			);
			name = Products;
			sourceTree = "<group>";
		};
		36BAD1DA1AC550DB004AA78F /* Postcard */ = {
			isa = PBXGroup;
			children = (
				36BAD1DD1AC550DB004AA78F /* AppDelegate.swift */,
				36BAD1DF1AC550DB004AA78F /* ViewController.swift */,
				36BAD1E11AC550DB004AA78F /* Main.storyboard */,
				36BAD1E41AC550DB004AA78F /* Images.xcassets */,
				36BAD1E61AC550DB004AA78F /* LaunchScreen.xib */,
				36BAD1DB1AC550DB004AA78F /* Supporting Files */,
			);
			path = Postcard;
			sourceTree = "<group>";
		};
		36BAD1DB1AC550DB004AA78F /* Supporting Files */ = {
			isa = PBXGroup;
			children = (
				36BAD1DC1AC550DB004AA78F /* Info.plist */,
			);
			name = "Supporting Files";
			sourceTree = "<group>";
		};
		36BAD1F01AC550DB004AA78F /* PostcardTests */ = {
			isa = PBXGroup;
			children = (
				36BAD1F31AC550DC004AA78F /* PostcardTests.swift */,
				36BAD1F11AC550DC004AA78F /* Supporting Files */,
			);
			path = PostcardTests;
			sourceTree = "<group>";
		};
		36BAD1F11AC550DC004AA78F /* Supporting Files */ = {
			isa = PBXGroup;
			children = (
				36BAD1F21AC550DC004AA78F /* Info.plist */,
			);
			name = "Supporting Files";
			sourceTree = "<group>";
		};
/* End PBXGroup section */

/* Begin PBXNativeTarget section */
		36BAD1D71AC550DB004AA78F /* Postcard */ = {
			isa = PBXNativeTarget;
			buildConfigurationList = 36BAD1F71AC550DC004AA78F /* Build configuration list for PBXNativeTarget "Postcard" */;
			buildPhases = (
				36BAD1D41AC550DB004AA78F /* Sources */,
				36BAD1D51AC550DB004AA78F /* Frameworks */,
				36BAD1D61AC550DB004AA78F /* Resources */,
			);
			buildRules = (
			);
			dependencies = (
			);
			name = Postcard;
			productName = Postcard;
			productReference = 36BAD1D81AC550DB004AA78F /* Postcard.app */;
			productType = "com.apple.product-type.application";
		};
		36BAD1EC1AC550DB004AA78F /* PostcardTests */ = {
			isa = PBXNativeTarget;
			buildConfigurationList = 36BAD1FA1AC550DC004AA78F /* Build configuration list for PBXNativeTarget "PostcardTests" */;
			buildPhases = (
				36BAD1E91AC550DB004AA78F /* Sources */,
				36BAD1EA1AC550DB004AA78F /* Frameworks */,
				36BAD1EB1AC550DB004AA78F /* Resources */,
			);
			buildRules = (
			);
			dependencies = (
				36BAD1EF1AC550DB004AA78F /* PBXTargetDependency */,
			);
			name = PostcardTests;
			productName = PostcardTests;
			productReference = 36BAD1ED1AC550DB004AA78F /* PostcardTests.xctest */;
			productType = "com.apple.product-type.bundle.unit-test";
		};
/* End PBXNativeTarget section */

/* Begin PBXProject section */
		36BAD1D01AC550DB004AA78F /* Project object */ = {
			isa = PBXProject;
			attributes = {
				LastUpgradeCheck = 0620;
				ORGANIZATIONNAME = NorseStars;
				TargetAttributes = {
					36BAD1D71AC550DB004AA78F = {
						CreatedOnToolsVersion = 6.2;
					};
					36BAD1EC1AC550DB004AA78F = {
						CreatedOnToolsVersion = 6.2;
						TestTargetID = 36BAD1D71AC550DB004AA78F;
					};
				};
			};
			buildConfigurationList = 36BAD1D31AC550DB004AA78F /* Build configuration list for PBXProject "Postcard" */;
			compatibilityVersion = "Xcode 3.2";
			developmentRegion = English;
			hasScannedForEncodings = 0;
			knownRegions = (
				en,
				Base,
			);
			mainGroup = 36BAD1CF1AC550DB004AA78F;
			productRefGroup = 36BAD1D91AC550DB004AA78F /* Products */;
			projectDirPath = "";
			projectRoot = "";
			targets = (
				36BAD1D71AC550DB004AA78F /* Postcard */,
				36BAD1EC1AC550DB004AA78F /* PostcardTests */,
			);
		};
/* End PBXProject section */

/* Begin PBXResourcesBuildPhase section */
		36BAD1D61AC550DB004AA78F /* Resources */ = {
			isa = PBXResourcesBuildPhase;
			buildActionMask = 2147483647;
			files = (
				36BAD1E31AC550DB004AA78F /* Main.storyboard in Resources */,
				36BAD1E81AC550DB004AA78F /* LaunchScreen.xib in Resources */,
				36BAD1E51AC550DB004AA78F /* Images.xcassets in Resources */,
			);
			runOnlyForDeploymentPostprocessing = 0;
		};
		36BAD1EB1AC550DB004AA78F /* Resources */ = {
			isa = PBXResourcesBuildPhase;
			buildActionMask = 2147483647;
			files = (
			);
			runOnlyForDeploymentPostprocessing = 0;
		};
/* End PBXResourcesBuildPhase section */

/* Begin PBXSourcesBuildPhase section */
		36BAD1D41AC550DB004AA78F /* Sources */ = {
			isa = PBXSourcesBuildPhase;
			buildActionMask = 2147483647;
			files = (
				36BAD1E01AC550DB004AA78F /* ViewController.swift in Sources */,
				36BAD1DE1AC550DB004AA78F /* AppDelegate.swift in Sources */,
			);
			runOnlyForDeploymentPostprocessing = 0;
		};
		36BAD1E91AC550DB004AA78F /* Sources */ = {
			isa = PBXSourcesBuildPhase;
			buildActionMask = 2147483647;
			files = (
				36BAD1F41AC550DC004AA78F /* PostcardTests.swift in Sources */,
			);
			runOnlyForDeploymentPostprocessing = 0;
		};
/* End PBXSourcesBuildPhase section */

/* Begin PBXTargetDependency section */
		36BAD1EF1AC550DB004AA78F /* PBXTargetDependency */ = {
			isa = PBXTargetDependency;
			target = 36BAD1D71AC550DB004AA78F /* Postcard */;
			targetProxy = 36BAD1EE1AC550DB004AA78F /* PBXContainerItemProxy */;
		};
/* End PBXTargetDependency section */

/* Begin PBXVariantGroup section */
		36BAD1E11AC550DB004AA78F /* Main.storyboard */ = {
			isa = PBXVariantGroup;
			children = (
				36BAD1E21AC550DB004AA78F /* Base */,
			);
			name = Main.storyboard;
			sourceTree = "<group>";
		};
		36BAD1E61AC550DB004AA78F /* LaunchScreen.xib */ = {
			isa = PBXVariantGroup;
			children = (
				36BAD1E71AC550DB004AA78F /* Base */,
			);
			name = LaunchScreen.xib;
			sourceTree = "<group>";
		};
/* End PBXVariantGroup section */

/* Begin XCBuildConfiguration section */
		36BAD1F51AC550DC004AA78F /* Debug */ = {
			isa = XCBuildConfiguration;
			buildSettings = {
				ALWAYS_SEARCH_USER_PATHS = NO;
				CLANG_CXX_LANGUAGE_STANDARD = "gnu++0x";
				CLANG_CXX_LIBRARY = "libc++";
				CLANG_ENABLE_MODULES = YES;
				CLANG_ENABLE_OBJC_ARC = YES;
				CLANG_WARN_BOOL_CONVERSION = YES;
				CLANG_WARN_CONSTANT_CONVERSION = YES;
				CLANG_WARN_DIRECT_OBJC_ISA_USAGE = YES_ERROR;
				CLANG_WARN_EMPTY_BODY = YES;
				CLANG_WARN_ENUM_CONVERSION = YES;
				CLANG_WARN_INT_CONVERSION = YES;
				CLANG_WARN_OBJC_ROOT_CLASS = YES_ERROR;
				CLANG_WARN_UNREACHABLE_CODE = YES;
				CLANG_WARN__DUPLICATE_METHOD_MATCH = YES;
				"CODE_SIGN_IDENTITY[sdk=iphoneos*]" = "iPhone Developer";
				COPY_PHASE_STRIP = NO;
				ENABLE_STRICT_OBJC_MSGSEND = YES;
				GCC_C_LANGUAGE_STANDARD = gnu99;
				GCC_DYNAMIC_NO_PIC = NO;
				GCC_OPTIMIZATION_LEVEL = 0;
				GCC_PREPROCESSOR_DEFINITIONS = (
					"DEBUG=1",
					"$(inherited)",
				);
				GCC_SYMBOLS_PRIVATE_EXTERN = NO;
				GCC_WARN_64_TO_32_BIT_CONVERSION = YES;
				GCC_WARN_ABOUT_RETURN_TYPE = YES_ERROR;
				GCC_WARN_UNDECLARED_SELECTOR = YES;
				GCC_WARN_UNINITIALIZED_AUTOS = YES_AGGRESSIVE;
				GCC_WARN_UNUSED_FUNCTION = YES;
				GCC_WARN_UNUSED_VARIABLE = YES;
				IPHONEOS_DEPLOYMENT_TARGET = 8.2;
				MTL_ENABLE_DEBUG_INFO = YES;
				ONLY_ACTIVE_ARCH = YES;
				SDKROOT = iphoneos;
				SWIFT_OPTIMIZATION_LEVEL = "-Onone";
				TARGETED_DEVICE_FAMILY = "1,2";
			};
			name = Debug;
		};
		36BAD1F61AC550DC004AA78F /* Release */ = {
			isa = XCBuildConfiguration;
			buildSettings = {
				ALWAYS_SEARCH_USER_PATHS = NO;
				CLANG_CXX_LANGUAGE_STANDARD = "gnu++0x";
				CLANG_CXX_LIBRARY = "libc++";
				CLANG_ENABLE_MODULES = YES;
				CLANG_ENABLE_OBJC_ARC = YES;
				CLANG_WARN_BOOL_CONVERSION = YES;
				CLANG_WARN_CONSTANT_CONVERSION = YES;
				CLANG_WARN_DIRECT_OBJC_ISA_USAGE = YES_ERROR;
				CLANG_WARN_EMPTY_BODY = YES;
				CLANG_WARN_ENUM_CONVERSION = YES;
				CLANG_WARN_INT_CONVERSION = YES;
				CLANG_WARN_OBJC_ROOT_CLASS = YES_ERROR;
				CLANG_WARN_UNREACHABLE_CODE = YES;
				CLANG_WARN__DUPLICATE_METHOD_MATCH = YES;
				"CODE_SIGN_IDENTITY[sdk=iphoneos*]" = "iPhone Developer";
				COPY_PHASE_STRIP = NO;
				ENABLE_NS_ASSERTIONS = NO;
				ENABLE_STRICT_OBJC_MSGSEND = YES;
				GCC_C_LANGUAGE_STANDARD = gnu99;
				GCC_WARN_64_TO_32_BIT_CONVERSION = YES;
				GCC_WARN_ABOUT_RETURN_TYPE = YES_ERROR;
				GCC_WARN_UNDECLARED_SELECTOR = YES;
				GCC_WARN_UNINITIALIZED_AUTOS = YES_AGGRESSIVE;
				GCC_WARN_UNUSED_FUNCTION = YES;
				GCC_WARN_UNUSED_VARIABLE = YES;
				IPHONEOS_DEPLOYMENT_TARGET = 8.2;
				MTL_ENABLE_DEBUG_INFO = NO;
				SDKROOT = iphoneos;
				TARGETED_DEVICE_FAMILY = "1,2";
				VALIDATE_PRODUCT = YES;
			};
			name = Release;
		};
		36BAD1F81AC550DC004AA78F /* Debug */ = {
			isa = XCBuildConfiguration;
			buildSettings = {
				ASSETCATALOG_COMPILER_APPICON_NAME = AppIcon;
				INFOPLIST_FILE = Postcard/Info.plist;
				LD_RUNPATH_SEARCH_PATHS = "$(inherited) @executable_path/Frameworks";
				PRODUCT_NAME = "$(TARGET_NAME)";
			};
			name = Debug;
		};
		36BAD1F91AC550DC004AA78F /* Release */ = {
			isa = XCBuildConfiguration;
			buildSettings = {
				ASSETCATALOG_COMPILER_APPICON_NAME = AppIcon;
				INFOPLIST_FILE = Postcard/Info.plist;
				LD_RUNPATH_SEARCH_PATHS = "$(inherited) @executable_path/Frameworks";
				PRODUCT_NAME = "$(TARGET_NAME)";
			};
			name = Release;
		};
		36BAD1FB1AC550DC004AA78F /* Debug */ = {
			isa = XCBuildConfiguration;
			buildSettings = {
				BUNDLE_LOADER = "$(TEST_HOST)";
				FRAMEWORK_SEARCH_PATHS = (
					"$(SDKROOT)/Developer/Library/Frameworks",
					"$(inherited)",
				);
				GCC_PREPROCESSOR_DEFINITIONS = (
					"DEBUG=1",
					"$(inherited)",
				);
				INFOPLIST_FILE = PostcardTests/Info.plist;
				LD_RUNPATH_SEARCH_PATHS = "$(inherited) @executable_path/Frameworks @loader_path/Frameworks";
				PRODUCT_NAME = "$(TARGET_NAME)";
				TEST_HOST = "$(BUILT_PRODUCTS_DIR)/Postcard.app/Postcard";
			};
			name = Debug;
		};
		36BAD1FC1AC550DC004AA78F /* Release */ = {
			isa = XCBuildConfiguration;
			buildSettings = {
				BUNDLE_LOADER = "$(TEST_HOST)";
				FRAMEWORK_SEARCH_PATHS = (
					"$(SDKROOT)/Developer/Library/Frameworks",
					"$(inherited)",
				);
				INFOPLIST_FILE = PostcardTests/Info.plist;
				LD_RUNPATH_SEARCH_PATHS = "$(inherited) @executable_path/Frameworks @loader_path/Frameworks";
				PRODUCT_NAME = "$(TARGET_NAME)";
				TEST_HOST = "$(BUILT_PRODUCTS_DIR)/Postcard.app/Postcard";
			};
			name = Release;
		};
/* End XCBuildConfiguration section */

/* Begin XCConfigurationList section */
		36BAD1D31AC550DB004AA78F /* Build configuration list for PBXProject "Postcard" */ = {
			isa = XCConfigurationList;
			buildConfigurations = (
				36BAD1F51AC550DC004AA78F /* Debug */,
				36BAD1F61AC550DC004AA78F /* Release */,
			);
			defaultConfigurationIsVisible = 0;
			defaultConfigurationName = Release;
		};
		36BAD1F71AC550DC004AA78F /* Build configuration list for PBXNativeTarget "Postcard" */ = {
			isa = XCConfigurationList;
			buildConfigurations = (
				36BAD1F81AC550DC004AA78F /* Debug */,
				36BAD1F91AC550DC004AA78F /* Release */,
			);
			defaultConfigurationIsVisible = 0;
		};
		36BAD1FA1AC550DC004AA78F /* Build configuration list for PBXNativeTarget "PostcardTests" */ = {
			isa = XCConfigurationList;
			buildConfigurations = (
				36BAD1FB1AC550DC004AA78F /* Debug */,
				36BAD1FC1AC550DC004AA78F /* Release */,
			);
			defaultConfigurationIsVisible = 0;
		};
/* End XCConfigurationList section */
	};
	rootObject = 36BAD1D01AC550DB004AA78F /* Project object */;
}
